
Microsoft Visual Studio Solution File, Format Version 12.00
# Visual Studio Version 17
VisualStudioVersion = 17.8.34511.84
MinimumVisualStudioVersion = 10.0.40219.1
Project("{FAE04EC0-301F-11D3-BF4B-00C04F79EFBC}") = "ASE", "ASE.csproj", "{D497A7E0-8F4E-48B2-AE6C-35DEAA82ECE9}"
EndProject
Global
	GlobalSection(SolutionConfigurationPlatforms) = preSolution
		Debug|Any CPU = Debug|Any CPU
		Release|Any CPU = Release|Any CPU
	EndGlobalSection
	GlobalSection(ProjectConfigurationPlatforms) = postSolution
		{D497A7E0-8F4E-48B2-AE6C-35DEAA82ECE9}.Debug|Any CPU.ActiveCfg = Debug|Any CPU
		{D497A7E0-8F4E-48B2-AE6C-35DEAA82ECE9}.Debug|Any CPU.Build.0 = Debug|Any CPU
		{D497A7E0-8F4E-48B2-AE6C-35DEAA82ECE9}.Release|Any CPU.ActiveCfg = Release|Any CPU
		{D497A7E0-8F4E-48B2-AE6C-35DEAA82ECE9}.Release|Any CPU.Build.0 = Release|Any CPU
	EndGlobalSection
	GlobalSection(SolutionProperties) = preSolution
		HideSolutionNode = FALSE
	EndGlobalSection
	GlobalSection(ExtensibilityGlobals) = postSolution
		SolutionGuid = {CF12D7D1-FBE7-4171-82A0-62EF1B74AB6C}
	EndGlobalSection
EndGlobal
